{
    "hash": "228510d5e997ebb43a4a7c13a2315f9d",
    "packages": [
        {
            "package": "doctrine/common",
            "version": "dev-master",
            "source-reference": "80838882abc04270fb9bc5812da4ab64e2ee3f88"
        },
        {
            "package": "doctrine/common",
            "version": "dev-master",
            "alias-pretty-version": "2.3.x-dev",
            "alias-version": "2.3.9999999.9999999-dev"
        },
        {
            "package": "doctrine/dbal",
            "version": "dev-master",
            "alias-pretty-version": "2.3.x-dev",
            "alias-version": "2.3.9999999.9999999-dev"
        },
        {
            "package": "doctrine/dbal",
            "version": "dev-master",
            "source-reference": "2cac730bf48b384e3fdb4daf7d7847e3e42c5684"
        },
        {
            "package": "doctrine/orm",
            "version": "dev-master",
            "source-reference": "7b758493a34150a8b68e0468db0d5abfe4b6e725"
        },
        {
            "package": "doctrine/orm",
            "version": "dev-master",
            "alias-pretty-version": "2.3.x-dev",
            "alias-version": "2.3.9999999.9999999-dev"
        },
        {
            "package": "predis/predis",
            "version": "0.7.x-dev",
            "source-reference": "v0.7.3"
        },
        {
            "package": "snc/redis-bundle",
            "version": "dev-master",
            "alias-pretty-version": "2.1.x-dev",
            "alias-version": "2.1.9999999.9999999-dev"
        },
        {
            "package": "snc/redis-bundle",
            "version": "dev-master",
            "source-reference": "dc0e74c069aeda7e11b5bd88ad83b351d1faf36f"
        },
        {
            "package": "symfony/config",
            "version": "dev-master",
            "source-reference": "dc19d63559641fd283040471530b0117aa9a8c99"
        },
        {
            "package": "symfony/config",
            "version": "dev-master",
            "alias-pretty-version": "2.1.x-dev",
            "alias-version": "2.1.9999999.9999999-dev"
        },
        {
            "package": "symfony/console",
            "version": "dev-master",
            "alias-pretty-version": "2.1.x-dev",
            "alias-version": "2.1.9999999.9999999-dev"
        },
        {
            "package": "symfony/console",
            "version": "dev-master",
            "source-reference": "afc5ecf2967bf3510363535c0389ddc0f6284784"
        },
        {
            "package": "symfony/dependency-injection",
            "version": "dev-master",
            "source-reference": "b6916c7db53e798d8c761e45e6931430369fef2a"
        },
        {
            "package": "symfony/dependency-injection",
            "version": "dev-master",
            "alias-pretty-version": "2.1.x-dev",
            "alias-version": "2.1.9999999.9999999-dev"
        },
        {
            "package": "symfony/event-dispatcher",
            "version": "dev-master",
            "source-reference": "30d3f5da80c2aeab15bcdb5a7d448d15bc294b23"
        },
        {
            "package": "symfony/event-dispatcher",
            "version": "dev-master",
            "alias-pretty-version": "2.1.x-dev",
            "alias-version": "2.1.9999999.9999999-dev"
        },
        {
            "package": "symfony/filesystem",
            "version": "dev-master",
            "alias-pretty-version": "2.1.x-dev",
            "alias-version": "2.1.9999999.9999999-dev"
        },
        {
            "package": "symfony/filesystem",
            "version": "dev-master",
            "source-reference": "e1f7c293c029502921d77f914275b411f80ccbca"
        },
        {
            "package": "symfony/framework-bundle",
            "version": "dev-master",
            "source-reference": "ddc262fbc9d967ca55226b748fc04d2d30f50877"
        },
        {
            "package": "symfony/framework-bundle",
            "version": "dev-master",
            "alias-pretty-version": "2.1.x-dev",
            "alias-version": "2.1.9999999.9999999-dev"
        },
        {
            "package": "symfony/http-foundation",
            "version": "dev-master",
            "source-reference": "526d5d663f0b3170a91f916f912075609120e09a"
        },
        {
            "package": "symfony/http-foundation",
            "version": "dev-master",
            "alias-pretty-version": "2.1.x-dev",
            "alias-version": "2.1.9999999.9999999-dev"
        },
        {
            "package": "symfony/http-kernel",
            "version": "dev-master",
            "alias-pretty-version": "2.1.x-dev",
            "alias-version": "2.1.9999999.9999999-dev"
        },
        {
            "package": "symfony/http-kernel",
            "version": "dev-master",
            "source-reference": "fd5935fb6cd03dbd06930f2e3065c931694a5c92"
        },
        {
            "package": "symfony/routing",
            "version": "dev-master",
            "source-reference": "4eef37eee0961782dfe66a23df4fc280ff1a9e44"
        },
        {
            "package": "symfony/routing",
            "version": "dev-master",
            "alias-pretty-version": "2.1.x-dev",
            "alias-version": "2.1.9999999.9999999-dev"
        },
        {
            "package": "symfony/templating",
            "version": "dev-master",
            "alias-pretty-version": "2.1.x-dev",
            "alias-version": "2.1.9999999.9999999-dev"
        },
        {
            "package": "symfony/templating",
            "version": "dev-master",
            "source-reference": "215354017f553e5a2be0e8bbca5d02b27b0d1e8d"
        },
        {
            "package": "symfony/templating",
            "version": "dev-master",
            "alias-pretty-version": "2.1.x-dev",
            "alias-version": "2.1.9999999.9999999-dev"
        },
        {
            "package": "symfony/translation",
            "version": "dev-master",
            "alias-pretty-version": "2.1.x-dev",
            "alias-version": "2.1.9999999.9999999-dev"
        },
        {
            "package": "symfony/translation",
            "version": "dev-master",
            "source-reference": "db3e85934353a130d743b2ddd53dd678c8ebca12"
        },
        {
            "package": "symfony/yaml",
            "version": "dev-master",
            "alias-pretty-version": "2.1.x-dev",
            "alias-version": "2.1.9999999.9999999-dev"
        },
        {
            "package": "symfony/yaml",
            "version": "dev-master",
            "alias-pretty-version": "2.1.x-dev",
            "alias-version": "2.1.9999999.9999999-dev"
        },
        {
            "package": "symfony/yaml",
            "version": "dev-master",
            "source-reference": "c634a6b17c2ccff4c8ed48464023a53289b69dda"
        }
    ],
    "packages-dev": null,
    "aliases": [

    ],
    "minimum-stability": "dev",
    "stability-flags": [

    ]
}
